
Microsoft Visual Studio Solution File, Format Version 12.00
# Visual Studio Version 17
VisualStudioVersion = 17.8.34330.188
MinimumVisualStudioVersion = 10.0.40219.1
Project("{FAE04EC0-301F-11D3-BF4B-00C04F79EFBC}") = "TestMcfMVC", "TestMcfMVC\TestMcfMVC.csproj", "{DA0D2FF1-930A-4F0A-82B9-A3E9BC45C17B}"
EndProject
Global
	GlobalSection(SolutionConfigurationPlatforms) = preSolution
		Debug|Any CPU = Debug|Any CPU
		Release|Any CPU = Release|Any CPU
	EndGlobalSection
	GlobalSection(ProjectConfigurationPlatforms) = postSolution
		{DA0D2FF1-930A-4F0A-82B9-A3E9BC45C17B}.Debug|Any CPU.ActiveCfg = Debug|Any CPU
		{DA0D2FF1-930A-4F0A-82B9-A3E9BC45C17B}.Debug|Any CPU.Build.0 = Debug|Any CPU
		{DA0D2FF1-930A-4F0A-82B9-A3E9BC45C17B}.Release|Any CPU.ActiveCfg = Release|Any CPU
		{DA0D2FF1-930A-4F0A-82B9-A3E9BC45C17B}.Release|Any CPU.Build.0 = Release|Any CPU
	EndGlobalSection
	GlobalSection(SolutionProperties) = preSolution
		HideSolutionNode = FALSE
	EndGlobalSection
	GlobalSection(ExtensibilityGlobals) = postSolution
		SolutionGuid = {9C8E9407-0BE1-4547-BD98-97EF1D1C6ECF}
	EndGlobalSection
EndGlobal
